
Microsoft Visual Studio Solution File, Format Version 12.00
# Visual Studio Version 16
VisualStudioVersion = 16.0.31702.278
MinimumVisualStudioVersion = 10.0.40219.1
Project("{9A19103F-16F7-4668-BE54-9A1E7A4F7556}") = "SkoAppBlazorServer", "SkoAppBlazorServer\SkoAppBlazorServer.csproj", "{D169B2C6-2F0D-40EF-B80A-9291AC7D63AA}"
EndProject
Global
	GlobalSection(SolutionConfigurationPlatforms) = preSolution
		Debug|Any CPU = Debug|Any CPU
		Release|Any CPU = Release|Any CPU
	EndGlobalSection
	GlobalSection(ProjectConfigurationPlatforms) = postSolution
		{D169B2C6-2F0D-40EF-B80A-9291AC7D63AA}.Debug|Any CPU.ActiveCfg = Debug|Any CPU
		{D169B2C6-2F0D-40EF-B80A-9291AC7D63AA}.Debug|Any CPU.Build.0 = Debug|Any CPU
		{D169B2C6-2F0D-40EF-B80A-9291AC7D63AA}.Release|Any CPU.ActiveCfg = Release|Any CPU
		{D169B2C6-2F0D-40EF-B80A-9291AC7D63AA}.Release|Any CPU.Build.0 = Release|Any CPU
	EndGlobalSection
	GlobalSection(SolutionProperties) = preSolution
		HideSolutionNode = FALSE
	EndGlobalSection
	GlobalSection(ExtensibilityGlobals) = postSolution
		SolutionGuid = {2ECD28A7-9F4E-48DC-8051-40A179FAA332}
	EndGlobalSection
EndGlobal
